
Microsoft Visual Studio Solution File, Format Version 12.00
# Visual Studio Version 17
VisualStudioVersion = 17.4.33205.214
MinimumVisualStudioVersion = 10.0.40219.1
Project("{9A19103F-16F7-4668-BE54-9A1E7A4F7556}") = "MayTinhCoBan", "MayTinhCoBan\MayTinhCoBan.csproj", "{4DD0D6C9-E08C-4FB7-9603-C7A77C65546C}"
EndProject
Global
	GlobalSection(SolutionConfigurationPlatforms) = preSolution
		Debug|Any CPU = Debug|Any CPU
		Release|Any CPU = Release|Any CPU
	EndGlobalSection
	GlobalSection(ProjectConfigurationPlatforms) = postSolution
		{4DD0D6C9-E08C-4FB7-9603-C7A77C65546C}.Debug|Any CPU.ActiveCfg = Debug|Any CPU
		{4DD0D6C9-E08C-4FB7-9603-C7A77C65546C}.Debug|Any CPU.Build.0 = Debug|Any CPU
		{4DD0D6C9-E08C-4FB7-9603-C7A77C65546C}.Release|Any CPU.ActiveCfg = Release|Any CPU
		{4DD0D6C9-E08C-4FB7-9603-C7A77C65546C}.Release|Any CPU.Build.0 = Release|Any CPU
	EndGlobalSection
	GlobalSection(SolutionProperties) = preSolution
		HideSolutionNode = FALSE
	EndGlobalSection
	GlobalSection(ExtensibilityGlobals) = postSolution
		SolutionGuid = {46DD5D46-F603-4BE4-A23C-B37EB8888CB1}
	EndGlobalSection
EndGlobal
